{
  "name": "godwin-binoy-portfolio",
  "version": "1.0.0",
  "lockfileVersion": 3,
  "requires": true,
  "packages": {
    "": {
      "name": "godwin-binoy-portfolio",
      "version": "1.0.0",
      "dependencies": {
        "astro": "^5.7.10",
        "@astrojs/tailwind": "^6.0.2",
        "tailwindcss": "^3.4.17"
      }
    },
    "node_modules/@astrojs/tailwind": {
      "version": "6.0.2",
      "resolved": "https://registry.npmjs.org/@astrojs/tailwind/-/tailwind-6.0.2.tgz",
      "integrity": "sha512-xxx",
      "peerDependencies": {
        "astro": "^5.0.0",
        "tailwindcss": "^3.0.0"
      }
    },
    "node_modules/astro": {
      "version": "5.7.10",
      "resolved": "https://registry.npmjs.org/astro/-/astro-5.7.10.tgz",
      "integrity": "sha512-xxx",
      "engines": {
        "node": ">=18.17.1"
      }
    },
    "node_modules/tailwindcss": {
      "version": "3.4.17",
      "resolved": "https://registry.npmjs.org/tailwindcss/-/tailwindcss-3.4.17.tgz",
      "integrity": "sha512-xxx",
      "engines": {
        "node": ">=14.0"
      }
    }
  }
}
